
Microsoft Visual Studio Solution File, Format Version 12.00
# Visual Studio Version 17
VisualStudioVersion = 17.11.35327.3
MinimumVisualStudioVersion = 10.0.40219.1
Project("{FAE04EC0-301F-11D3-BF4B-00C04F79EFBC}") = "Backend", "OllamaTest\Backend.csproj", "{3EF0A430-0993-4BB3-B8C8-36734F773517}"
EndProject
Project("{2150E333-8FDC-42A3-9474-1A3956D46DE8}") = "Solution Items", "Solution Items", "{02EA681E-C7D8-13C7-8484-4AC65E1B71E8}"
	ProjectSection(SolutionItems) = preProject
		.editorconfig = .editorconfig
	EndProjectSection
EndProject
Global
	GlobalSection(SolutionConfigurationPlatforms) = preSolution
		Debug|Any CPU = Debug|Any CPU
		Release|Any CPU = Release|Any CPU
	EndGlobalSection
	GlobalSection(ProjectConfigurationPlatforms) = postSolution
		{3EF0A430-0993-4BB3-B8C8-36734F773517}.Debug|Any CPU.ActiveCfg = Debug|Any CPU
		{3EF0A430-0993-4BB3-B8C8-36734F773517}.Debug|Any CPU.Build.0 = Debug|Any CPU
		{3EF0A430-0993-4BB3-B8C8-36734F773517}.Release|Any CPU.ActiveCfg = Release|Any CPU
		{3EF0A430-0993-4BB3-B8C8-36734F773517}.Release|Any CPU.Build.0 = Release|Any CPU
	EndGlobalSection
	GlobalSection(SolutionProperties) = preSolution
		HideSolutionNode = FALSE
	EndGlobalSection
	GlobalSection(ExtensibilityGlobals) = postSolution
		SolutionGuid = {DDF92F2A-033B-4F8C-845D-6CE2CD052669}
	EndGlobalSection
EndGlobal
